
Microsoft Visual Studio Solution File, Format Version 12.00
# Visual Studio Version 17
VisualStudioVersion = 17.0.31903.59
MinimumVisualStudioVersion = 10.0.40219.1
Project("{2150E333-8FDC-42A3-9474-1A3956D46DE8}") = "src", "src", "{1D883643-A041-482B-8320-324432D63A4B}"
EndProject
Project("{9A19103F-16F7-4668-BE54-9A1E7A4F7556}") = "API", "src\API\API.csproj", "{41F97912-111D-4E76-8707-980298AD58C2}"
EndProject
Project("{9A19103F-16F7-4668-BE54-9A1E7A4F7556}") = "Application", "src\Application\Application.csproj", "{A5F33B96-BD48-4954-8A61-24FA567A4BBC}"
EndProject
Project("{9A19103F-16F7-4668-BE54-9A1E7A4F7556}") = "Domain", "src\Domain\Domain.csproj", "{B78E6A62-52E5-4C74-8399-03D23039ADEC}"
EndProject
Project("{9A19103F-16F7-4668-BE54-9A1E7A4F7556}") = "Infrastructure", "src\Infrastructure\Infrastructure.csproj", "{A8F10D88-9EF2-471F-8CF6-2DA0D0E42BE6}"
EndProject
Project("{2150E333-8FDC-42A3-9474-1A3956D46DE8}") = "Tests", "Tests", "{748D2F19-C35D-4BFF-87D6-C86A2CEDE75A}"
EndProject
Project("{9A19103F-16F7-4668-BE54-9A1E7A4F7556}") = "Application.Tests", "src\Tests\Application.Tests\Application.Tests.csproj", "{7AD4BF4E-BF64-4132-A291-5B3E75462FA1}"
EndProject
Project("{E53339B2-1760-4266-BCC7-CA923CBCF16C}") = "docker-compose", "docker-compose.dcproj", "{A7B7CEE2-D585-4496-9A8A-F30BD69DA0E1}"
EndProject
Global
	GlobalSection(SolutionConfigurationPlatforms) = preSolution
		Debug|Any CPU = Debug|Any CPU
		Release|Any CPU = Release|Any CPU
	EndGlobalSection
	GlobalSection(ProjectConfigurationPlatforms) = postSolution
		{41F97912-111D-4E76-8707-980298AD58C2}.Debug|Any CPU.ActiveCfg = Debug|Any CPU
		{41F97912-111D-4E76-8707-980298AD58C2}.Debug|Any CPU.Build.0 = Debug|Any CPU
		{41F97912-111D-4E76-8707-980298AD58C2}.Release|Any CPU.ActiveCfg = Release|Any CPU
		{41F97912-111D-4E76-8707-980298AD58C2}.Release|Any CPU.Build.0 = Release|Any CPU
		{A5F33B96-BD48-4954-8A61-24FA567A4BBC}.Debug|Any CPU.ActiveCfg = Debug|Any CPU
		{A5F33B96-BD48-4954-8A61-24FA567A4BBC}.Debug|Any CPU.Build.0 = Debug|Any CPU
		{A5F33B96-BD48-4954-8A61-24FA567A4BBC}.Release|Any CPU.ActiveCfg = Release|Any CPU
		{A5F33B96-BD48-4954-8A61-24FA567A4BBC}.Release|Any CPU.Build.0 = Release|Any CPU
		{B78E6A62-52E5-4C74-8399-03D23039ADEC}.Debug|Any CPU.ActiveCfg = Debug|Any CPU
		{B78E6A62-52E5-4C74-8399-03D23039ADEC}.Debug|Any CPU.Build.0 = Debug|Any CPU
		{B78E6A62-52E5-4C74-8399-03D23039ADEC}.Release|Any CPU.ActiveCfg = Release|Any CPU
		{B78E6A62-52E5-4C74-8399-03D23039ADEC}.Release|Any CPU.Build.0 = Release|Any CPU
		{A8F10D88-9EF2-471F-8CF6-2DA0D0E42BE6}.Debug|Any CPU.ActiveCfg = Debug|Any CPU
		{A8F10D88-9EF2-471F-8CF6-2DA0D0E42BE6}.Debug|Any CPU.Build.0 = Debug|Any CPU
		{A8F10D88-9EF2-471F-8CF6-2DA0D0E42BE6}.Release|Any CPU.ActiveCfg = Release|Any CPU
		{A8F10D88-9EF2-471F-8CF6-2DA0D0E42BE6}.Release|Any CPU.Build.0 = Release|Any CPU
		{7AD4BF4E-BF64-4132-A291-5B3E75462FA1}.Debug|Any CPU.ActiveCfg = Debug|Any CPU
		{7AD4BF4E-BF64-4132-A291-5B3E75462FA1}.Debug|Any CPU.Build.0 = Debug|Any CPU
		{7AD4BF4E-BF64-4132-A291-5B3E75462FA1}.Release|Any CPU.ActiveCfg = Release|Any CPU
		{7AD4BF4E-BF64-4132-A291-5B3E75462FA1}.Release|Any CPU.Build.0 = Release|Any CPU
		{A7B7CEE2-D585-4496-9A8A-F30BD69DA0E1}.Debug|Any CPU.ActiveCfg = Debug|Any CPU
		{A7B7CEE2-D585-4496-9A8A-F30BD69DA0E1}.Debug|Any CPU.Build.0 = Debug|Any CPU
		{A7B7CEE2-D585-4496-9A8A-F30BD69DA0E1}.Release|Any CPU.ActiveCfg = Release|Any CPU
		{A7B7CEE2-D585-4496-9A8A-F30BD69DA0E1}.Release|Any CPU.Build.0 = Release|Any CPU
	EndGlobalSection
	GlobalSection(SolutionProperties) = preSolution
		HideSolutionNode = FALSE
	EndGlobalSection
	GlobalSection(NestedProjects) = preSolution
		{41F97912-111D-4E76-8707-980298AD58C2} = {1D883643-A041-482B-8320-324432D63A4B}
		{A5F33B96-BD48-4954-8A61-24FA567A4BBC} = {1D883643-A041-482B-8320-324432D63A4B}
		{B78E6A62-52E5-4C74-8399-03D23039ADEC} = {1D883643-A041-482B-8320-324432D63A4B}
		{A8F10D88-9EF2-471F-8CF6-2DA0D0E42BE6} = {1D883643-A041-482B-8320-324432D63A4B}
		{748D2F19-C35D-4BFF-87D6-C86A2CEDE75A} = {1D883643-A041-482B-8320-324432D63A4B}
		{7AD4BF4E-BF64-4132-A291-5B3E75462FA1} = {748D2F19-C35D-4BFF-87D6-C86A2CEDE75A}
	EndGlobalSection
	GlobalSection(ExtensibilityGlobals) = postSolution
		SolutionGuid = {BBDD5BEB-E8C2-4C18-B0AC-08AF395ED7B0}
	EndGlobalSection
EndGlobal
